// !$*UTF8*$!
{
	archiveVersion = 1;
	classes = {
	};
	objectVersion = 46;
	objects = {

/* Begin PBXBuildFile section */
		5A74B3681E28AB72000D51D1 /* main.m in Sources */ = {isa = PBXBuildFile; fileRef = 5A74B3671E28AB72000D51D1 /* main.m */; };
		5A74B36B1E28AB72000D51D1 /* AppDelegate.m in Sources */ = {isa = PBXBuildFile; fileRef = 5A74B36A1E28AB72000D51D1 /* AppDelegate.m */; };
		5A74B36E1E28AB72000D51D1 /* ViewController.m in Sources */ = {isa = PBXBuildFile; fileRef = 5A74B36D1E28AB72000D51D1 /* ViewController.m */; };
		5A74B3711E28AB72000D51D1 /* Main.storyboard in Resources */ = {isa = PBXBuildFile; fileRef = 5A74B36F1E28AB72000D51D1 /* Main.storyboard */; };
		5A74B3731E28AB72000D51D1 /* Assets.xcassets in Resources */ = {isa = PBXBuildFile; fileRef = 5A74B3721E28AB72000D51D1 /* Assets.xcassets */; };
		5A74B3761E28AB72000D51D1 /* LaunchScreen.storyboard in Resources */ = {isa = PBXBuildFile; fileRef = 5A74B3741E28AB72000D51D1 /* LaunchScreen.storyboard */; };
		5A74B3811E28ACE3000D51D1 /* SingleMaskView.m in Sources */ = {isa = PBXBuildFile; fileRef = 5A74B37E1E28ACE3000D51D1 /* SingleMaskView.m */; };
		5A74B3821E28ACE3000D51D1 /* LoadMaskHelper.m in Sources */ = {isa = PBXBuildFile; fileRef = 5A74B3801E28ACE3000D51D1 /* LoadMaskHelper.m */; };
		5A74B3881E28B28D000D51D1 /* UIView+SetRect.m in Sources */ = {isa = PBXBuildFile; fileRef = 5A74B3871E28B28D000D51D1 /* UIView+SetRect.m */; };
/* End PBXBuildFile section */

/* Begin PBXFileReference section */
		5A74B3631E28AB72000D51D1 /* SingleMask.app */ = {isa = PBXFileReference; explicitFileType = wrapper.application; includeInIndex = 0; path = SingleMask.app; sourceTree = BUILT_PRODUCTS_DIR; };
		5A74B3671E28AB72000D51D1 /* main.m */ = {isa = PBXFileReference; lastKnownFileType = sourcecode.c.objc; path = main.m; sourceTree = "<group>"; };
		5A74B3691E28AB72000D51D1 /* AppDelegate.h */ = {isa = PBXFileReference; lastKnownFileType = sourcecode.c.h; path = AppDelegate.h; sourceTree = "<group>"; };
		5A74B36A1E28AB72000D51D1 /* AppDelegate.m */ = {isa = PBXFileReference; lastKnownFileType = sourcecode.c.objc; path = AppDelegate.m; sourceTree = "<group>"; };
		5A74B36C1E28AB72000D51D1 /* ViewController.h */ = {isa = PBXFileReference; lastKnownFileType = sourcecode.c.h; path = ViewController.h; sourceTree = "<group>"; };
		5A74B36D1E28AB72000D51D1 /* ViewController.m */ = {isa = PBXFileReference; lastKnownFileType = sourcecode.c.objc; path = ViewController.m; sourceTree = "<group>"; };
		5A74B3701E28AB72000D51D1 /* Base */ = {isa = PBXFileReference; lastKnownFileType = file.storyboard; name = Base; path = Base.lproj/Main.storyboard; sourceTree = "<group>"; };
		5A74B3721E28AB72000D51D1 /* Assets.xcassets */ = {isa = PBXFileReference; lastKnownFileType = folder.assetcatalog; path = Assets.xcassets; sourceTree = "<group>"; };
		5A74B3751E28AB72000D51D1 /* Base */ = {isa = PBXFileReference; lastKnownFileType = file.storyboard; name = Base; path = Base.lproj/LaunchScreen.storyboard; sourceTree = "<group>"; };
		5A74B3771E28AB72000D51D1 /* Info.plist */ = {isa = PBXFileReference; lastKnownFileType = text.plist.xml; path = Info.plist; sourceTree = "<group>"; };
		5A74B37D1E28ACE3000D51D1 /* SingleMaskView.h */ = {isa = PBXFileReference; fileEncoding = 4; lastKnownFileType = sourcecode.c.h; path = SingleMaskView.h; sourceTree = "<group>"; };
		5A74B37E1E28ACE3000D51D1 /* SingleMaskView.m */ = {isa = PBXFileReference; fileEncoding = 4; lastKnownFileType = sourcecode.c.objc; path = SingleMaskView.m; sourceTree = "<group>"; };
		5A74B37F1E28ACE3000D51D1 /* LoadMaskHelper.h */ = {isa = PBXFileReference; fileEncoding = 4; lastKnownFileType = sourcecode.c.h; path = LoadMaskHelper.h; sourceTree = "<group>"; };
		5A74B3801E28ACE3000D51D1 /* LoadMaskHelper.m */ = {isa = PBXFileReference; fileEncoding = 4; lastKnownFileType = sourcecode.c.objc; path = LoadMaskHelper.m; sourceTree = "<group>"; };
		5A74B3861E28B28D000D51D1 /* UIView+SetRect.h */ = {isa = PBXFileReference; fileEncoding = 4; lastKnownFileType = sourcecode.c.h; path = "UIView+SetRect.h"; sourceTree = "<group>"; };
		5A74B3871E28B28D000D51D1 /* UIView+SetRect.m */ = {isa = PBXFileReference; fileEncoding = 4; lastKnownFileType = sourcecode.c.objc; path = "UIView+SetRect.m"; sourceTree = "<group>"; };
/* End PBXFileReference section */

/* Begin PBXFrameworksBuildPhase section */
		5A74B3601E28AB72000D51D1 /* Frameworks */ = {
			isa = PBXFrameworksBuildPhase;
			buildActionMask = 2147483647;
			files = (
			);
			runOnlyForDeploymentPostprocessing = 0;
		};
/* End PBXFrameworksBuildPhase section */

/* Begin PBXGroup section */
		5A74B35A1E28AB72000D51D1 = {
			isa = PBXGroup;
			children = (
				5A74B3651E28AB72000D51D1 /* SingleMask */,
				5A74B3641E28AB72000D51D1 /* Products */,
			);
			sourceTree = "<group>";
		};
		5A74B3641E28AB72000D51D1 /* Products */ = {
			isa = PBXGroup;
			children = (
				5A74B3631E28AB72000D51D1 /* SingleMask.app */,
			);
			name = Products;
			sourceTree = "<group>";
		};
		5A74B3651E28AB72000D51D1 /* SingleMask */ = {
			isa = PBXGroup;
			children = (
				5A74B3851E28B252000D51D1 /* Tools */,
				5A74B3841E28AFEF000D51D1 /* 蒙版逻辑展示 */,
				5A74B3831E28AFDF000D51D1 /* 蒙版实现 */,
				5A74B3691E28AB72000D51D1 /* AppDelegate.h */,
				5A74B36A1E28AB72000D51D1 /* AppDelegate.m */,
				5A74B36C1E28AB72000D51D1 /* ViewController.h */,
				5A74B36D1E28AB72000D51D1 /* ViewController.m */,
				5A74B36F1E28AB72000D51D1 /* Main.storyboard */,
				5A74B3721E28AB72000D51D1 /* Assets.xcassets */,
				5A74B3741E28AB72000D51D1 /* LaunchScreen.storyboard */,
				5A74B3771E28AB72000D51D1 /* Info.plist */,
				5A74B3661E28AB72000D51D1 /* Supporting Files */,
			);
			path = SingleMask;
			sourceTree = "<group>";
		};
		5A74B3661E28AB72000D51D1 /* Supporting Files */ = {
			isa = PBXGroup;
			children = (
				5A74B3671E28AB72000D51D1 /* main.m */,
			);
			name = "Supporting Files";
			sourceTree = "<group>";
		};
		5A74B3831E28AFDF000D51D1 /* 蒙版实现 */ = {
			isa = PBXGroup;
			children = (
				5A74B37D1E28ACE3000D51D1 /* SingleMaskView.h */,
				5A74B37E1E28ACE3000D51D1 /* SingleMaskView.m */,
			);
			name = "蒙版实现";
			sourceTree = "<group>";
		};
		5A74B3841E28AFEF000D51D1 /* 蒙版逻辑展示 */ = {
			isa = PBXGroup;
			children = (
				5A74B37F1E28ACE3000D51D1 /* LoadMaskHelper.h */,
				5A74B3801E28ACE3000D51D1 /* LoadMaskHelper.m */,
			);
			name = "蒙版逻辑展示";
			sourceTree = "<group>";
		};
		5A74B3851E28B252000D51D1 /* Tools */ = {
			isa = PBXGroup;
			children = (
				5A74B3861E28B28D000D51D1 /* UIView+SetRect.h */,
				5A74B3871E28B28D000D51D1 /* UIView+SetRect.m */,
			);
			name = Tools;
			sourceTree = "<group>";
		};
/* End PBXGroup section */

/* Begin PBXNativeTarget section */
		5A74B3621E28AB72000D51D1 /* SingleMask */ = {
			isa = PBXNativeTarget;
			buildConfigurationList = 5A74B37A1E28AB72000D51D1 /* Build configuration list for PBXNativeTarget "SingleMask" */;
			buildPhases = (
				5A74B35F1E28AB72000D51D1 /* Sources */,
				5A74B3601E28AB72000D51D1 /* Frameworks */,
				5A74B3611E28AB72000D51D1 /* Resources */,
			);
			buildRules = (
			);
			dependencies = (
			);
			name = SingleMask;
			productName = SingleMask;
			productReference = 5A74B3631E28AB72000D51D1 /* SingleMask.app */;
			productType = "com.apple.product-type.application";
		};
/* End PBXNativeTarget section */

/* Begin PBXProject section */
		5A74B35B1E28AB72000D51D1 /* Project object */ = {
			isa = PBXProject;
			attributes = {
				LastUpgradeCheck = 0820;
				ORGANIZATIONNAME = "刘成利";
				TargetAttributes = {
					5A74B3621E28AB72000D51D1 = {
						CreatedOnToolsVersion = 8.2;
						ProvisioningStyle = Automatic;
					};
				};
			};
			buildConfigurationList = 5A74B35E1E28AB72000D51D1 /* Build configuration list for PBXProject "SingleMask" */;
			compatibilityVersion = "Xcode 3.2";
			developmentRegion = English;
			hasScannedForEncodings = 0;
			knownRegions = (
				en,
				Base,
			);
			mainGroup = 5A74B35A1E28AB72000D51D1;
			productRefGroup = 5A74B3641E28AB72000D51D1 /* Products */;
			projectDirPath = "";
			projectRoot = "";
			targets = (
				5A74B3621E28AB72000D51D1 /* SingleMask */,
			);
		};
/* End PBXProject section */

/* Begin PBXResourcesBuildPhase section */
		5A74B3611E28AB72000D51D1 /* Resources */ = {
			isa = PBXResourcesBuildPhase;
			buildActionMask = 2147483647;
			files = (
				5A74B3761E28AB72000D51D1 /* LaunchScreen.storyboard in Resources */,
				5A74B3731E28AB72000D51D1 /* Assets.xcassets in Resources */,
				5A74B3711E28AB72000D51D1 /* Main.storyboard in Resources */,
			);
			runOnlyForDeploymentPostprocessing = 0;
		};
/* End PBXResourcesBuildPhase section */

/* Begin PBXSourcesBuildPhase section */
		5A74B35F1E28AB72000D51D1 /* Sources */ = {
			isa = PBXSourcesBuildPhase;
			buildActionMask = 2147483647;
			files = (
				5A74B3811E28ACE3000D51D1 /* SingleMaskView.m in Sources */,
				5A74B3881E28B28D000D51D1 /* UIView+SetRect.m in Sources */,
				5A74B36E1E28AB72000D51D1 /* ViewController.m in Sources */,
				5A74B3821E28ACE3000D51D1 /* LoadMaskHelper.m in Sources */,
				5A74B36B1E28AB72000D51D1 /* AppDelegate.m in Sources */,
				5A74B3681E28AB72000D51D1 /* main.m in Sources */,
			);
			runOnlyForDeploymentPostprocessing = 0;
		};
/* End PBXSourcesBuildPhase section */

/* Begin PBXVariantGroup section */
		5A74B36F1E28AB72000D51D1 /* Main.storyboard */ = {
			isa = PBXVariantGroup;
			children = (
				5A74B3701E28AB72000D51D1 /* Base */,
			);
			name = Main.storyboard;
			sourceTree = "<group>";
		};
		5A74B3741E28AB72000D51D1 /* LaunchScreen.storyboard */ = {
			isa = PBXVariantGroup;
			children = (
				5A74B3751E28AB72000D51D1 /* Base */,
			);
			name = LaunchScreen.storyboard;
			sourceTree = "<group>";
		};
/* End PBXVariantGroup section */

/* Begin XCBuildConfiguration section */
		5A74B3781E28AB72000D51D1 /* Debug */ = {
			isa = XCBuildConfiguration;
			buildSettings = {
				ALWAYS_SEARCH_USER_PATHS = NO;
				CLANG_ANALYZER_NONNULL = YES;
				CLANG_CXX_LANGUAGE_STANDARD = "gnu++0x";
				CLANG_CXX_LIBRARY = "libc++";
				CLANG_ENABLE_MODULES = YES;
				CLANG_ENABLE_OBJC_ARC = YES;
				CLANG_WARN_BOOL_CONVERSION = YES;
				CLANG_WARN_CONSTANT_CONVERSION = YES;
				CLANG_WARN_DIRECT_OBJC_ISA_USAGE = YES_ERROR;
				CLANG_WARN_DOCUMENTATION_COMMENTS = YES;
				CLANG_WARN_EMPTY_BODY = YES;
				CLANG_WARN_ENUM_CONVERSION = YES;
				CLANG_WARN_INFINITE_RECURSION = YES;
				CLANG_WARN_INT_CONVERSION = YES;
				CLANG_WARN_OBJC_ROOT_CLASS = YES_ERROR;
				CLANG_WARN_SUSPICIOUS_MOVE = YES;
				CLANG_WARN_UNREACHABLE_CODE = YES;
				CLANG_WARN__DUPLICATE_METHOD_MATCH = YES;
				"CODE_SIGN_IDENTITY[sdk=iphoneos*]" = "iPhone Developer";
				COPY_PHASE_STRIP = NO;
				DEBUG_INFORMATION_FORMAT = dwarf;
				ENABLE_STRICT_OBJC_MSGSEND = YES;
				ENABLE_TESTABILITY = YES;
				GCC_C_LANGUAGE_STANDARD = gnu99;
				GCC_DYNAMIC_NO_PIC = NO;
				GCC_NO_COMMON_BLOCKS = YES;
				GCC_OPTIMIZATION_LEVEL = 0;
				GCC_PREPROCESSOR_DEFINITIONS = (
					"DEBUG=1",
					"$(inherited)",
				);
				GCC_WARN_64_TO_32_BIT_CONVERSION = YES;
				GCC_WARN_ABOUT_RETURN_TYPE = YES_ERROR;
				GCC_WARN_UNDECLARED_SELECTOR = YES;
				GCC_WARN_UNINITIALIZED_AUTOS = YES_AGGRESSIVE;
				GCC_WARN_UNUSED_FUNCTION = YES;
				GCC_WARN_UNUSED_VARIABLE = YES;
				IPHONEOS_DEPLOYMENT_TARGET = 10.2;
				MTL_ENABLE_DEBUG_INFO = YES;
				ONLY_ACTIVE_ARCH = YES;
				SDKROOT = iphoneos;
			};
			name = Debug;
		};
		5A74B3791E28AB72000D51D1 /* Release */ = {
			isa = XCBuildConfiguration;
			buildSettings = {
				ALWAYS_SEARCH_USER_PATHS = NO;
				CLANG_ANALYZER_NONNULL = YES;
				CLANG_CXX_LANGUAGE_STANDARD = "gnu++0x";
				CLANG_CXX_LIBRARY = "libc++";
				CLANG_ENABLE_MODULES = YES;
				CLANG_ENABLE_OBJC_ARC = YES;
				CLANG_WARN_BOOL_CONVERSION = YES;
				CLANG_WARN_CONSTANT_CONVERSION = YES;
				CLANG_WARN_DIRECT_OBJC_ISA_USAGE = YES_ERROR;
				CLANG_WARN_DOCUMENTATION_COMMENTS = YES;
				CLANG_WARN_EMPTY_BODY = YES;
				CLANG_WARN_ENUM_CONVERSION = YES;
				CLANG_WARN_INFINITE_RECURSION = YES;
				CLANG_WARN_INT_CONVERSION = YES;
				CLANG_WARN_OBJC_ROOT_CLASS = YES_ERROR;
				CLANG_WARN_SUSPICIOUS_MOVE = YES;
				CLANG_WARN_UNREACHABLE_CODE = YES;
				CLANG_WARN__DUPLICATE_METHOD_MATCH = YES;
				"CODE_SIGN_IDENTITY[sdk=iphoneos*]" = "iPhone Developer";
				COPY_PHASE_STRIP = NO;
				DEBUG_INFORMATION_FORMAT = "dwarf-with-dsym";
				ENABLE_NS_ASSERTIONS = NO;
				ENABLE_STRICT_OBJC_MSGSEND = YES;
				GCC_C_LANGUAGE_STANDARD = gnu99;
				GCC_NO_COMMON_BLOCKS = YES;
				GCC_WARN_64_TO_32_BIT_CONVERSION = YES;
				GCC_WARN_ABOUT_RETURN_TYPE = YES_ERROR;
				GCC_WARN_UNDECLARED_SELECTOR = YES;
				GCC_WARN_UNINITIALIZED_AUTOS = YES_AGGRESSIVE;
				GCC_WARN_UNUSED_FUNCTION = YES;
				GCC_WARN_UNUSED_VARIABLE = YES;
				IPHONEOS_DEPLOYMENT_TARGET = 10.2;
				MTL_ENABLE_DEBUG_INFO = NO;
				SDKROOT = iphoneos;
				VALIDATE_PRODUCT = YES;
			};
			name = Release;
		};
		5A74B37B1E28AB72000D51D1 /* Debug */ = {
			isa = XCBuildConfiguration;
			buildSettings = {
				ASSETCATALOG_COMPILER_APPICON_NAME = AppIcon;
				INFOPLIST_FILE = SingleMask/Info.plist;
				LD_RUNPATH_SEARCH_PATHS = "$(inherited) @executable_path/Frameworks";
				PRODUCT_BUNDLE_IDENTIFIER = liuhcengli.SingleMask;
				PRODUCT_NAME = "$(TARGET_NAME)";
			};
			name = Debug;
		};
		5A74B37C1E28AB72000D51D1 /* Release */ = {
			isa = XCBuildConfiguration;
			buildSettings = {
				ASSETCATALOG_COMPILER_APPICON_NAME = AppIcon;
				INFOPLIST_FILE = SingleMask/Info.plist;
				LD_RUNPATH_SEARCH_PATHS = "$(inherited) @executable_path/Frameworks";
				PRODUCT_BUNDLE_IDENTIFIER = liuhcengli.SingleMask;
				PRODUCT_NAME = "$(TARGET_NAME)";
			};
			name = Release;
		};
/* End XCBuildConfiguration section */

/* Begin XCConfigurationList section */
		5A74B35E1E28AB72000D51D1 /* Build configuration list for PBXProject "SingleMask" */ = {
			isa = XCConfigurationList;
			buildConfigurations = (
				5A74B3781E28AB72000D51D1 /* Debug */,
				5A74B3791E28AB72000D51D1 /* Release */,
			);
			defaultConfigurationIsVisible = 0;
			defaultConfigurationName = Release;
		};
		5A74B37A1E28AB72000D51D1 /* Build configuration list for PBXNativeTarget "SingleMask" */ = {
			isa = XCConfigurationList;
			buildConfigurations = (
				5A74B37B1E28AB72000D51D1 /* Debug */,
				5A74B37C1E28AB72000D51D1 /* Release */,
			);
			defaultConfigurationIsVisible = 0;
			defaultConfigurationName = Release;
		};
/* End XCConfigurationList section */
	};
	rootObject = 5A74B35B1E28AB72000D51D1 /* Project object */;
}
